
Microsoft Visual Studio Solution File, Format Version 12.00
# Visual Studio 15
VisualStudioVersion = 15.0.27703.2000
MinimumVisualStudioVersion = 10.0.40219.1
Project("{FAE04EC0-301F-11D3-BF4B-00C04F79EFBC}") = "AutoFramework", "TestProject\AutoFramework.csproj", "{02608F14-CE38-4C47-83F0-FDB424CB35A9}"
EndProject
Project("{FAE04EC0-301F-11D3-BF4B-00C04F79EFBC}") = "CrossPlatformEATest", "CrossPlatformTest\CrossPlatformTest.csproj", "{7D738ACB-CC1B-464C-9D54-5C5F0F8937DA}"
EndProject
Global
	GlobalSection(SolutionConfigurationPlatforms) = preSolution
		Debug|Any CPU = Debug|Any CPU
		Release|Any CPU = Release|Any CPU
	EndGlobalSection
	GlobalSection(ProjectConfigurationPlatforms) = postSolution
		{02608F14-CE38-4C47-83F0-FDB424CB35A9}.Debug|Any CPU.ActiveCfg = Debug|Any CPU
		{02608F14-CE38-4C47-83F0-FDB424CB35A9}.Debug|Any CPU.Build.0 = Debug|Any CPU
		{02608F14-CE38-4C47-83F0-FDB424CB35A9}.Release|Any CPU.ActiveCfg = Release|Any CPU
		{02608F14-CE38-4C47-83F0-FDB424CB35A9}.Release|Any CPU.Build.0 = Release|Any CPU
		{7D738ACB-CC1B-464C-9D54-5C5F0F8937DA}.Debug|Any CPU.ActiveCfg = Debug|Any CPU
		{7D738ACB-CC1B-464C-9D54-5C5F0F8937DA}.Debug|Any CPU.Build.0 = Debug|Any CPU
		{7D738ACB-CC1B-464C-9D54-5C5F0F8937DA}.Release|Any CPU.ActiveCfg = Release|Any CPU
		{7D738ACB-CC1B-464C-9D54-5C5F0F8937DA}.Release|Any CPU.Build.0 = Release|Any CPU
	EndGlobalSection
	GlobalSection(SolutionProperties) = preSolution
		HideSolutionNode = FALSE
	EndGlobalSection
	GlobalSection(ExtensibilityGlobals) = postSolution
		SolutionGuid = {26BE5602-33B2-417C-BC4A-663311DAACC9}
	EndGlobalSection
EndGlobal
